{
  "version": "4",
  "specifiers": {
    "jsr:@std/assert@1": "1.0.8",
    "jsr:@std/internal@^1.0.5": "1.0.5",
    "jsr:@std/path@^1.0.8": "1.0.8",
    "npm:@trpc/client@^11.0.0-rc.648": "11.0.0-rc.648_@trpc+server@11.0.0-rc.648__typescript@5.7.2_typescript@5.7.2",
    "npm:@trpc/server@^11.0.0-rc.648": "11.0.0-rc.648_typescript@5.7.2",
    "npm:zod@^3.23.8": "3.23.8"
  },
  "jsr": {
    "@std/assert@1.0.8": {
      "integrity": "ebe0bd7eb488ee39686f77003992f389a06c3da1bbd8022184804852b2fa641b",
      "dependencies": [
        "jsr:@std/internal"
      ]
    },
    "@std/internal@1.0.5": {
      "integrity": "54a546004f769c1ac9e025abd15a76b6671ddc9687e2313b67376125650dc7ba"
    },
    "@std/path@1.0.8": {
      "integrity": "548fa456bb6a04d3c1a1e7477986b6cffbce95102d0bb447c67c4ee70e0364be"
    }
  },
  "npm": {
    "@trpc/client@11.0.0-rc.648_@trpc+server@11.0.0-rc.648__typescript@5.7.2_typescript@5.7.2": {
      "integrity": "sha512-k4FfLKvJwbosUH8KYyZkC50RJHYtIyJECi5WhRXsvaf9a6lgrTlcA+osq815zYcAHo7wEgR9E9UdSTrpLdAQFQ==",
      "dependencies": [
        "@trpc/server",
        "typescript"
      ]
    },
    "@trpc/server@11.0.0-rc.648_typescript@5.7.2": {
      "integrity": "sha512-nKW7FNM+QZrY/CVGlX3hFNIdUvbw6pwSJ+HzEF8GIeSJDKLHK7Ke1QJGI2mRW6oF9dCKMBXfuLaYY2dXfjfn7Q==",
      "dependencies": [
        "typescript"
      ]
    },
    "typescript@5.7.2": {
      "integrity": "sha512-i5t66RHxDvVN40HfDd1PsEThGNnlMCMT3jMUuoh9/0TaqWevNontacunWyN02LA9/fIbEWlcHZcgTKb9QoaLfg=="
    },
    "zod@3.23.8": {
      "integrity": "sha512-XBx9AXhXktjUqnepgTiE5flcKIYWi/rme0Eaj+5Y0lftuGBq+jyRu/md4WnuxqgP1ubdpNCsYEYPxrzVHD8d6g=="
    }
  },
  "workspace": {
    "dependencies": [
      "jsr:@std/assert@1",
      "jsr:@std/path@^1.0.8",
      "npm:@trpc/client@^11.0.0-rc.648",
      "npm:@trpc/server@^11.0.0-rc.648",
      "npm:zod@^3.23.8"
    ]
  }
}
